
Microsoft Visual Studio Solution File, Format Version 12.00
# Visual Studio Version 17
VisualStudioVersion = 17.2.32602.215
MinimumVisualStudioVersion = 10.0.40219.1
Project("{FAE04EC0-301F-11D3-BF4B-00C04F79EFBC}") = "FinalVersionAvalonia2", "FinalVersionAvalonia2\FinalVersionAvalonia2.csproj", "{F34FA075-04AD-402F-A757-9F5D0BA441B6}"
EndProject
Global
	GlobalSection(SolutionConfigurationPlatforms) = preSolution
		Debug|Any CPU = Debug|Any CPU
		Release|Any CPU = Release|Any CPU
	EndGlobalSection
	GlobalSection(ProjectConfigurationPlatforms) = postSolution
		{F34FA075-04AD-402F-A757-9F5D0BA441B6}.Debug|Any CPU.ActiveCfg = Debug|Any CPU
		{F34FA075-04AD-402F-A757-9F5D0BA441B6}.Debug|Any CPU.Build.0 = Debug|Any CPU
		{F34FA075-04AD-402F-A757-9F5D0BA441B6}.Release|Any CPU.ActiveCfg = Release|Any CPU
		{F34FA075-04AD-402F-A757-9F5D0BA441B6}.Release|Any CPU.Build.0 = Release|Any CPU
	EndGlobalSection
	GlobalSection(SolutionProperties) = preSolution
		HideSolutionNode = FALSE
	EndGlobalSection
	GlobalSection(ExtensibilityGlobals) = postSolution
		SolutionGuid = {9A4FD5F7-44B9-44F0-9BB3-E54A946E6CB5}
	EndGlobalSection
EndGlobal
